
Microsoft Visual Studio Solution File, Format Version 12.00
# Visual Studio 15
Project("{FAE04EC0-301F-11D3-BF4B-00C04F79EFBC}") = "Assembly-CSharp", "Assembly-CSharp.csproj", "{39015352-61DD-428D-5818-9F484B43975D}"
EndProject
Project("{FAE04EC0-301F-11D3-BF4B-00C04F79EFBC}") = "Unity.XR.Interaction.Toolkit.Samples.DeviceSimulator", "Unity.XR.Interaction.Toolkit.Samples.DeviceSimulator.csproj", "{6214D260-2DE9-FCBF-1D54-F648D7D3CDE6}"
EndProject
Global
	GlobalSection(SolutionConfigurationPlatforms) = preSolution
		Debug|Any CPU = Debug|Any CPU
		Release|Any CPU = Release|Any CPU
	EndGlobalSection
	GlobalSection(ProjectConfigurationPlatforms) = postSolution
		{39015352-61DD-428D-5818-9F484B43975D}.Debug|Any CPU.ActiveCfg = Debug|Any CPU
		{39015352-61DD-428D-5818-9F484B43975D}.Debug|Any CPU.Build.0 = Debug|Any CPU
		{39015352-61DD-428D-5818-9F484B43975D}.Release|Any CPU.ActiveCfg = Release|Any CPU
		{39015352-61DD-428D-5818-9F484B43975D}.Release|Any CPU.Build.0 = Release|Any CPU
		{6214D260-2DE9-FCBF-1D54-F648D7D3CDE6}.Debug|Any CPU.ActiveCfg = Debug|Any CPU
		{6214D260-2DE9-FCBF-1D54-F648D7D3CDE6}.Debug|Any CPU.Build.0 = Debug|Any CPU
		{6214D260-2DE9-FCBF-1D54-F648D7D3CDE6}.Release|Any CPU.ActiveCfg = Release|Any CPU
		{6214D260-2DE9-FCBF-1D54-F648D7D3CDE6}.Release|Any CPU.Build.0 = Release|Any CPU
	EndGlobalSection
	GlobalSection(SolutionProperties) = preSolution
		HideSolutionNode = FALSE
	EndGlobalSection
EndGlobal
